lockfileVersion: '9.0'

settings:
  autoInstallPeers: true
  excludeLinksFromLockfile: false

importers:

  .:
    dependencies:
      '@logseq/libs':
        specifier: 0.2.2
        version: 0.2.2
      dayjs:
        specifier: 1.11.7
        version: 1.11.7
      lodash.kebabcase:
        specifier: ^4.1.1
        version: 4.1.1
      v-calendar:
        specifier: next
        version: 3.1.2(@popperjs/core@2.11.6)(vue@3.2.45)
      vue:
        specifier: 3.2.45
        version: 3.2.45
    devDependencies:
      '@popperjs/core':
        specifier: 2.11.6
        version: 2.11.6
      '@vitejs/plugin-vue':
        specifier: 5.2.1
        version: 5.2.1(vite@5.4.6)(vue@3.2.45)
      '@vue/compiler-sfc':
        specifier: 3.5.13
        version: 3.5.13
      vite:
        specifier: 5.4.6
        version: 5.4.6

packages:

  '@babel/helper-string-parser@7.27.1':
    resolution: {integrity: sha512-qMlSxKbpRlAridDExk92nSobyDdpPijUq2DW6oDnUqd0iOGxmQjyqhMIihI9+zv4LPyZdRje2cavWPbCbWm3eA==}
    engines: {node: '>=6.9.0'}

  '@babel/helper-validator-identifier@7.28.5':
    resolution: {integrity: sha512-qSs4ifwzKJSV39ucNjsvc6WVHs6b7S03sOh2OcHF9UHfVPqWWALUsNUVzhSBiItjRZoLHx7nIarVjqKVusUZ1Q==}
    engines: {node: '>=6.9.0'}

  '@babel/parser@7.28.6':
    resolution: {integrity: sha512-TeR9zWR18BvbfPmGbLampPMW+uW1NZnJlRuuHso8i87QZNq2JRF9i6RgxRqtEq+wQGsS19NNTWr2duhnE49mfQ==}
    engines: {node: '>=6.0.0'}
    hasBin: true

  '@babel/runtime@7.28.6':
    resolution: {integrity: sha512-05WQkdpL9COIMz4LjTxGpPNCdlpyimKppYNoJ5Di5EUObifl8t4tuLuUBBZEpoLYOmfvIWrsp9fCl0HoPRVTdA==}
    engines: {node: '>=6.9.0'}

  '@babel/types@7.28.6':
    resolution: {integrity: sha512-0ZrskXVEHSWIqZM/sQZ4EV3jZJXRkio/WCxaqKZP1g//CEWEPSfeZFcms4XeKBCHU0ZKnIkdJeU/kF+eRp5lBg==}
    engines: {node: '>=6.9.0'}

  '@esbuild/aix-ppc64@0.21.5':
    resolution: {integrity: sha512-1SDgH6ZSPTlggy1yI6+Dbkiz8xzpHJEVAlF/AM1tHPLsf5STom9rwtjE4hKAF20FfXXNTFqEYXyJNWh1GiZedQ==}
    engines: {node: '>=12'}
    cpu: [ppc64]
    os: [aix]

  '@esbuild/android-arm64@0.21.5':
    resolution: {integrity: sha512-c0uX9VAUBQ7dTDCjq+wdyGLowMdtR/GoC2U5IYk/7D1H1JYC0qseD7+11iMP2mRLN9RcCMRcjC4YMclCzGwS/A==}
    engines: {node: '>=12'}
    cpu: [arm64]
    os: [android]

  '@esbuild/android-arm@0.21.5':
    resolution: {integrity: sha512-vCPvzSjpPHEi1siZdlvAlsPxXl7WbOVUBBAowWug4rJHb68Ox8KualB+1ocNvT5fjv6wpkX6o/iEpbDrf68zcg==}
    engines: {node: '>=12'}
    cpu: [arm]
    os: [android]

  '@esbuild/android-x64@0.21.5':
    resolution: {integrity: sha512-D7aPRUUNHRBwHxzxRvp856rjUHRFW1SdQATKXH2hqA0kAZb1hKmi02OpYRacl0TxIGz/ZmXWlbZgjwWYaCakTA==}
    engines: {node: '>=12'}
    cpu: [x64]
    os: [android]

  '@esbuild/darwin-arm64@0.21.5':
    resolution: {integrity: sha512-DwqXqZyuk5AiWWf3UfLiRDJ5EDd49zg6O9wclZ7kUMv2WRFr4HKjXp/5t8JZ11QbQfUS6/cRCKGwYhtNAY88kQ==}
    engines: {node: '>=12'}
    cpu: [arm64]
    os: [darwin]

  '@esbuild/darwin-x64@0.21.5':
    resolution: {integrity: sha512-se/JjF8NlmKVG4kNIuyWMV/22ZaerB+qaSi5MdrXtd6R08kvs2qCN4C09miupktDitvh8jRFflwGFBQcxZRjbw==}
    engines: {node: '>=12'}
    cpu: [x64]
    os: [darwin]

  '@esbuild/freebsd-arm64@0.21.5':
    resolution: {integrity: sha512-5JcRxxRDUJLX8JXp/wcBCy3pENnCgBR9bN6JsY4OmhfUtIHe3ZW0mawA7+RDAcMLrMIZaf03NlQiX9DGyB8h4g==}
    engines: {node: '>=12'}
    cpu: [arm64]
    os: [freebsd]

  '@esbuild/freebsd-x64@0.21.5':
    resolution: {integrity: sha512-J95kNBj1zkbMXtHVH29bBriQygMXqoVQOQYA+ISs0/2l3T9/kj42ow2mpqerRBxDJnmkUDCaQT/dfNXWX/ZZCQ==}
    engines: {node: '>=12'}
    cpu: [x64]
    os: [freebsd]

  '@esbuild/linux-arm64@0.21.5':
    resolution: {integrity: sha512-ibKvmyYzKsBeX8d8I7MH/TMfWDXBF3db4qM6sy+7re0YXya+K1cem3on9XgdT2EQGMu4hQyZhan7TeQ8XkGp4Q==}
    engines: {node: '>=12'}
    cpu: [arm64]
    os: [linux]

  '@esbuild/linux-arm@0.21.5':
    resolution: {integrity: sha512-bPb5AHZtbeNGjCKVZ9UGqGwo8EUu4cLq68E95A53KlxAPRmUyYv2D6F0uUI65XisGOL1hBP5mTronbgo+0bFcA==}
    engines: {node: '>=12'}
    cpu: [arm]
    os: [linux]

  '@esbuild/linux-ia32@0.21.5':
    resolution: {integrity: sha512-YvjXDqLRqPDl2dvRODYmmhz4rPeVKYvppfGYKSNGdyZkA01046pLWyRKKI3ax8fbJoK5QbxblURkwK/MWY18Tg==}
    engines: {node: '>=12'}
    cpu: [ia32]
    os: [linux]

  '@esbuild/linux-loong64@0.21.5':
    resolution: {integrity: sha512-uHf1BmMG8qEvzdrzAqg2SIG/02+4/DHB6a9Kbya0XDvwDEKCoC8ZRWI5JJvNdUjtciBGFQ5PuBlpEOXQj+JQSg==}
    engines: {node: '>=12'}
    cpu: [loong64]
    os: [linux]

  '@esbuild/linux-mips64el@0.21.5':
    resolution: {integrity: sha512-IajOmO+KJK23bj52dFSNCMsz1QP1DqM6cwLUv3W1QwyxkyIWecfafnI555fvSGqEKwjMXVLokcV5ygHW5b3Jbg==}
    engines: {node: '>=12'}
    cpu: [mips64el]
    os: [linux]

  '@esbuild/linux-ppc64@0.21.5':
    resolution: {integrity: sha512-1hHV/Z4OEfMwpLO8rp7CvlhBDnjsC3CttJXIhBi+5Aj5r+MBvy4egg7wCbe//hSsT+RvDAG7s81tAvpL2XAE4w==}
    engines: {node: '>=12'}
    cpu: [ppc64]
    os: [linux]

  '@esbuild/linux-riscv64@0.21.5':
    resolution: {integrity: sha512-2HdXDMd9GMgTGrPWnJzP2ALSokE/0O5HhTUvWIbD3YdjME8JwvSCnNGBnTThKGEB91OZhzrJ4qIIxk/SBmyDDA==}
    engines: {node: '>=12'}
    cpu: [riscv64]
    os: [linux]

  '@esbuild/linux-s390x@0.21.5':
    resolution: {integrity: sha512-zus5sxzqBJD3eXxwvjN1yQkRepANgxE9lgOW2qLnmr8ikMTphkjgXu1HR01K4FJg8h1kEEDAqDcZQtbrRnB41A==}
    engines: {node: '>=12'}
    cpu: [s390x]
    os: [linux]

  '@esbuild/linux-x64@0.21.5':
    resolution: {integrity: sha512-1rYdTpyv03iycF1+BhzrzQJCdOuAOtaqHTWJZCWvijKD2N5Xu0TtVC8/+1faWqcP9iBCWOmjmhoH94dH82BxPQ==}
    engines: {node: '>=12'}
    cpu: [x64]
    os: [linux]

  '@esbuild/netbsd-x64@0.21.5':
    resolution: {integrity: sha512-Woi2MXzXjMULccIwMnLciyZH4nCIMpWQAs049KEeMvOcNADVxo0UBIQPfSmxB3CWKedngg7sWZdLvLczpe0tLg==}
    engines: {node: '>=12'}
    cpu: [x64]
    os: [netbsd]

  '@esbuild/openbsd-x64@0.21.5':
    resolution: {integrity: sha512-HLNNw99xsvx12lFBUwoT8EVCsSvRNDVxNpjZ7bPn947b8gJPzeHWyNVhFsaerc0n3TsbOINvRP2byTZ5LKezow==}
    engines: {node: '>=12'}
    cpu: [x64]
    os: [openbsd]

  '@esbuild/sunos-x64@0.21.5':
    resolution: {integrity: sha512-6+gjmFpfy0BHU5Tpptkuh8+uw3mnrvgs+dSPQXQOv3ekbordwnzTVEb4qnIvQcYXq6gzkyTnoZ9dZG+D4garKg==}
    engines: {node: '>=12'}
    cpu: [x64]
    os: [sunos]

  '@esbuild/win32-arm64@0.21.5':
    resolution: {integrity: sha512-Z0gOTd75VvXqyq7nsl93zwahcTROgqvuAcYDUr+vOv8uHhNSKROyU961kgtCD1e95IqPKSQKH7tBTslnS3tA8A==}
    engines: {node: '>=12'}
    cpu: [arm64]
    os: [win32]

  '@esbuild/win32-ia32@0.21.5':
    resolution: {integrity: sha512-SWXFF1CL2RVNMaVs+BBClwtfZSvDgtL//G/smwAc5oVK/UPu2Gu9tIaRgFmYFFKrmg3SyAjSrElf0TiJ1v8fYA==}
    engines: {node: '>=12'}
    cpu: [ia32]
    os: [win32]

  '@esbuild/win32-x64@0.21.5':
    resolution: {integrity: sha512-tQd/1efJuzPC6rCFwEvLtci/xNFcTZknmXs98FYDfGE4wP9ClFV98nyKrzJKVPMhdDnjzLhdUyMX4PsQAPjwIw==}
    engines: {node: '>=12'}
    cpu: [x64]
    os: [win32]

  '@jridgewell/sourcemap-codec@1.5.5':
    resolution: {integrity: sha512-cYQ9310grqxueWbl+WuIUIaiUaDcj7WOq5fVhEljNVgRfOUhY9fy2zTvfoqWsnebh8Sl70VScFbICvJnLKB0Og==}

  '@logseq/libs@0.2.2':
    resolution: {integrity: sha512-n0Mkj+cYa5QuoBJLrxdlkNkdYs903qaBAYWoxddhGwjGpG/QSiutV2d6oqSvvM4UBGlKt3Rh8JExR5kBNSwpCQ==}

  '@popperjs/core@2.11.6':
    resolution: {integrity: sha512-50/17A98tWUfQ176raKiOGXuYpLyyVMkxxG6oylzL3BPOlA6ADGdK7EYunSa4I064xerltq9TGXs8HmOk5E+vw==}

  '@rollup/rollup-android-arm-eabi@4.55.1':
    resolution: {integrity: sha512-9R0DM/ykwfGIlNu6+2U09ga0WXeZ9MRC2Ter8jnz8415VbuIykVuc6bhdrbORFZANDmTDvq26mJrEVTl8TdnDg==}
    cpu: [arm]
    os: [android]

  '@rollup/rollup-android-arm64@4.55.1':
    resolution: {integrity: sha512-eFZCb1YUqhTysgW3sj/55du5cG57S7UTNtdMjCW7LwVcj3dTTcowCsC8p7uBdzKsZYa8J7IDE8lhMI+HX1vQvg==}
    cpu: [arm64]
    os: [android]

  '@rollup/rollup-darwin-arm64@4.55.1':
    resolution: {integrity: sha512-p3grE2PHcQm2e8PSGZdzIhCKbMCw/xi9XvMPErPhwO17vxtvCN5FEA2mSLgmKlCjHGMQTP6phuQTYWUnKewwGg==}
    cpu: [arm64]
    os: [darwin]

  '@rollup/rollup-darwin-x64@4.55.1':
    resolution: {integrity: sha512-rDUjG25C9qoTm+e02Esi+aqTKSBYwVTaoS1wxcN47/Luqef57Vgp96xNANwt5npq9GDxsH7kXxNkJVEsWEOEaQ==}
    cpu: [x64]
    os: [darwin]

  '@rollup/rollup-freebsd-arm64@4.55.1':
    resolution: {integrity: sha512-+JiU7Jbp5cdxekIgdte0jfcu5oqw4GCKr6i3PJTlXTCU5H5Fvtkpbs4XJHRmWNXF+hKmn4v7ogI5OQPaupJgOg==}
    cpu: [arm64]
    os: [freebsd]

  '@rollup/rollup-freebsd-x64@4.55.1':
    resolution: {integrity: sha512-V5xC1tOVWtLLmr3YUk2f6EJK4qksksOYiz/TCsFHu/R+woubcLWdC9nZQmwjOAbmExBIVKsm1/wKmEy4z4u4Bw==}
    cpu: [x64]
    os: [freebsd]

  '@rollup/rollup-linux-arm-gnueabihf@4.55.1':
    resolution: {integrity: sha512-Rn3n+FUk2J5VWx+ywrG/HGPTD9jXNbicRtTM11e/uorplArnXZYsVifnPPqNNP5BsO3roI4n8332ukpY/zN7rQ==}
    cpu: [arm]
    os: [linux]

  '@rollup/rollup-linux-arm-musleabihf@4.55.1':
    resolution: {integrity: sha512-grPNWydeKtc1aEdrJDWk4opD7nFtQbMmV7769hiAaYyUKCT1faPRm2av8CX1YJsZ4TLAZcg9gTR1KvEzoLjXkg==}
    cpu: [arm]
    os: [linux]

  '@rollup/rollup-linux-arm64-gnu@4.55.1':
    resolution: {integrity: sha512-a59mwd1k6x8tXKcUxSyISiquLwB5pX+fJW9TkWU46lCqD/GRDe9uDN31jrMmVP3feI3mhAdvcCClhV8V5MhJFQ==}
    cpu: [arm64]
    os: [linux]

  '@rollup/rollup-linux-arm64-musl@4.55.1':
    resolution: {integrity: sha512-puS1MEgWX5GsHSoiAsF0TYrpomdvkaXm0CofIMG5uVkP6IBV+ZO9xhC5YEN49nsgYo1DuuMquF9+7EDBVYu4uA==}
    cpu: [arm64]
    os: [linux]

  '@rollup/rollup-linux-loong64-gnu@4.55.1':
    resolution: {integrity: sha512-r3Wv40in+lTsULSb6nnoudVbARdOwb2u5fpeoOAZjFLznp6tDU8kd+GTHmJoqZ9lt6/Sys33KdIHUaQihFcu7g==}
    cpu: [loong64]
    os: [linux]

  '@rollup/rollup-linux-loong64-musl@4.55.1':
    resolution: {integrity: sha512-MR8c0+UxAlB22Fq4R+aQSPBayvYa3+9DrwG/i1TKQXFYEaoW3B5b/rkSRIypcZDdWjWnpcvxbNaAJDcSbJU3Lw==}
    cpu: [loong64]
    os: [linux]

  '@rollup/rollup-linux-ppc64-gnu@4.55.1':
    resolution: {integrity: sha512-3KhoECe1BRlSYpMTeVrD4sh2Pw2xgt4jzNSZIIPLFEsnQn9gAnZagW9+VqDqAHgm1Xc77LzJOo2LdigS5qZ+gw==}
    cpu: [ppc64]
    os: [linux]

  '@rollup/rollup-linux-ppc64-musl@4.55.1':
    resolution: {integrity: sha512-ziR1OuZx0vdYZZ30vueNZTg73alF59DicYrPViG0NEgDVN8/Jl87zkAPu4u6VjZST2llgEUjaiNl9JM6HH1Vdw==}
    cpu: [ppc64]
    os: [linux]

  '@rollup/rollup-linux-riscv64-gnu@4.55.1':
    resolution: {integrity: sha512-uW0Y12ih2XJRERZ4jAfKamTyIHVMPQnTZcQjme2HMVDAHY4amf5u414OqNYC+x+LzRdRcnIG1YodLrrtA8xsxw==}
    cpu: [riscv64]
    os: [linux]

  '@rollup/rollup-linux-riscv64-musl@4.55.1':
    resolution: {integrity: sha512-u9yZ0jUkOED1BFrqu3BwMQoixvGHGZ+JhJNkNKY/hyoEgOwlqKb62qu+7UjbPSHYjiVy8kKJHvXKv5coH4wDeg==}
    cpu: [riscv64]
    os: [linux]

  '@rollup/rollup-linux-s390x-gnu@4.55.1':
    resolution: {integrity: sha512-/0PenBCmqM4ZUd0190j7J0UsQ/1nsi735iPRakO8iPciE7BQ495Y6msPzaOmvx0/pn+eJVVlZrNrSh4WSYLxNg==}
    cpu: [s390x]
    os: [linux]

  '@rollup/rollup-linux-x64-gnu@4.55.1':
    resolution: {integrity: sha512-a8G4wiQxQG2BAvo+gU6XrReRRqj+pLS2NGXKm8io19goR+K8lw269eTrPkSdDTALwMmJp4th2Uh0D8J9bEV1vg==}
    cpu: [x64]
    os: [linux]

  '@rollup/rollup-linux-x64-musl@4.55.1':
    resolution: {integrity: sha512-bD+zjpFrMpP/hqkfEcnjXWHMw5BIghGisOKPj+2NaNDuVT+8Ds4mPf3XcPHuat1tz89WRL+1wbcxKY3WSbiT7w==}
    cpu: [x64]
    os: [linux]

  '@rollup/rollup-openbsd-x64@4.55.1':
    resolution: {integrity: sha512-eLXw0dOiqE4QmvikfQ6yjgkg/xDM+MdU9YJuP4ySTibXU0oAvnEWXt7UDJmD4UkYialMfOGFPJnIHSe/kdzPxg==}
    cpu: [x64]
    os: [openbsd]

  '@rollup/rollup-openharmony-arm64@4.55.1':
    resolution: {integrity: sha512-xzm44KgEP11te3S2HCSyYf5zIzWmx3n8HDCc7EE59+lTcswEWNpvMLfd9uJvVX8LCg9QWG67Xt75AuHn4vgsXw==}
    cpu: [arm64]
    os: [openharmony]

  '@rollup/rollup-win32-arm64-msvc@4.55.1':
    resolution: {integrity: sha512-yR6Bl3tMC/gBok5cz/Qi0xYnVbIxGx5Fcf/ca0eB6/6JwOY+SRUcJfI0OpeTpPls7f194as62thCt/2BjxYN8g==}
    cpu: [arm64]
    os: [win32]

  '@rollup/rollup-win32-ia32-msvc@4.55.1':
    resolution: {integrity: sha512-3fZBidchE0eY0oFZBnekYCfg+5wAB0mbpCBuofh5mZuzIU/4jIVkbESmd2dOsFNS78b53CYv3OAtwqkZZmU5nA==}
    cpu: [ia32]
    os: [win32]

  '@rollup/rollup-win32-x64-gnu@4.55.1':
    resolution: {integrity: sha512-xGGY5pXj69IxKb4yv/POoocPy/qmEGhimy/FoTpTSVju3FYXUQQMFCaZZXJVidsmGxRioZAwpThl/4zX41gRKg==}
    cpu: [x64]
    os: [win32]

  '@rollup/rollup-win32-x64-msvc@4.55.1':
    resolution: {integrity: sha512-SPEpaL6DX4rmcXtnhdrQYgzQ5W2uW3SCJch88lB2zImhJRhIIK44fkUrgIV/Q8yUNfw5oyZ5vkeQsZLhCb06lw==}
    cpu: [x64]
    os: [win32]

  '@types/estree@1.0.8':
    resolution: {integrity: sha512-dWHzHa2WqEXI/O1E9OjrocMTKJl2mSrEolh1Iomrv6U+JuNwaHXsXx9bLu5gG7BUWFIN0skIQJQ/L1rIex4X6w==}

  '@types/lodash@4.17.23':
    resolution: {integrity: sha512-RDvF6wTulMPjrNdCoYRC8gNR880JNGT8uB+REUpC2Ns4pRqQJhGz90wh7rgdXDPpCczF3VGktDuFGVnz8zP7HA==}

  '@types/resize-observer-browser@0.1.11':
    resolution: {integrity: sha512-cNw5iH8JkMkb3QkCoe7DaZiawbDQEUX8t7iuQaRTyLOyQCR2h+ibBD4GJt7p5yhUHrlOeL7ZtbxNHeipqNsBzQ==}

  '@vitejs/plugin-vue@5.2.1':
    resolution: {integrity: sha512-cxh314tzaWwOLqVes2gnnCtvBDcM1UMdn+iFR+UjAn411dPT3tOmqrJjbMd7koZpMAmBM/GqeV4n9ge7JSiJJQ==}
    engines: {node: ^18.0.0 || >=20.0.0}
    peerDependencies:
      vite: ^5.0.0 || ^6.0.0
      vue: ^3.2.25

  '@vue/compiler-core@3.2.45':
    resolution: {integrity: sha512-rcMj7H+PYe5wBV3iYeUgbCglC+pbpN8hBLTJvRiK2eKQiWqu+fG9F+8sW99JdL4LQi7Re178UOxn09puSXvn4A==}

  '@vue/compiler-core@3.5.13':
    resolution: {integrity: sha512-oOdAkwqUfW1WqpwSYJce06wvt6HljgY3fGeM9NcVA1HaYOij3mZG9Rkysn0OHuyUAGMbEbARIpsG+LPVlBJ5/Q==}

  '@vue/compiler-dom@3.2.45':
    resolution: {integrity: sha512-tyYeUEuKqqZO137WrZkpwfPCdiiIeXYCcJ8L4gWz9vqaxzIQRccTSwSWZ/Axx5YR2z+LvpUbmPNXxuBU45lyRw==}

  '@vue/compiler-dom@3.5.13':
    resolution: {integrity: sha512-ZOJ46sMOKUjO3e94wPdCzQ6P1Lx/vhp2RSvfaab88Ajexs0AHeV0uasYhi99WPaogmBlRHNRuly8xV75cNTMDA==}

  '@vue/compiler-sfc@3.2.45':
    resolution: {integrity: sha512-1jXDuWah1ggsnSAOGsec8cFjT/K6TMZ0sPL3o3d84Ft2AYZi2jWJgRMjw4iaK0rBfA89L5gw427H4n1RZQBu6Q==}

  '@vue/compiler-sfc@3.5.13':
    resolution: {integrity: sha512-6VdaljMpD82w6c2749Zhf5T9u5uLBWKnVue6XWxprDobftnletJ8+oel7sexFfM3qIxNmVE7LSFGTpv6obNyaQ==}

  '@vue/compiler-ssr@3.2.45':
    resolution: {integrity: sha512-6BRaggEGqhWht3lt24CrIbQSRD5O07MTmd+LjAn5fJj568+R9eUD2F7wMQJjX859seSlrYog7sUtrZSd7feqrQ==}

  '@vue/compiler-ssr@3.5.13':
    resolution: {integrity: sha512-wMH6vrYHxQl/IybKJagqbquvxpWCuVYpoUJfCqFZwa/JY1GdATAQ+TgVtgrwwMZ0D07QhA99rs/EAAWfvG6KpA==}

  '@vue/reactivity-transform@3.2.45':
    resolution: {integrity: sha512-BHVmzYAvM7vcU5WmuYqXpwaBHjsS8T63jlKGWVtHxAHIoMIlmaMyurUSEs1Zcg46M4AYT5MtB1U274/2aNzjJQ==}

  '@vue/reactivity@3.2.45':
    resolution: {integrity: sha512-PRvhCcQcyEVohW0P8iQ7HDcIOXRjZfAsOds3N99X/Dzewy8TVhTCT4uXpAHfoKjVTJRA0O0K+6QNkDIZAxNi3A==}

  '@vue/runtime-core@3.2.45':
    resolution: {integrity: sha512-gzJiTA3f74cgARptqzYswmoQx0fIA+gGYBfokYVhF8YSXjWTUA2SngRzZRku2HbGbjzB6LBYSbKGIaK8IW+s0A==}

  '@vue/runtime-dom@3.2.45':
    resolution: {integrity: sha512-cy88YpfP5Ue2bDBbj75Cb4bIEZUMM/mAkDMfqDTpUYVgTf/kuQ2VQ8LebuZ8k6EudgH8pYhsGWHlY0lcxlvTwA==}

  '@vue/server-renderer@3.2.45':
    resolution: {integrity: sha512-ebiMq7q24WBU1D6uhPK//2OTR1iRIyxjF5iVq/1a5I1SDMDyDu4Ts6fJaMnjrvD3MqnaiFkKQj+LKAgz5WIK3g==}
    peerDependencies:
      vue: 3.2.45

  '@vue/shared@3.2.45':
    resolution: {integrity: sha512-Ewzq5Yhimg7pSztDV+RH1UDKBzmtqieXQlpTVm2AwraoRL/Rks96mvd8Vgi7Lj+h+TH8dv7mXD3FRZR3TUvbSg==}

  '@vue/shared@3.5.13':
    resolution: {integrity: sha512-/hnE/qP5ZoGpol0a5mDi45bOd7t3tjYJBjsgCsivow7D48cJeV5l05RD82lPqi7gRiphZM37rnhW1l6ZoCNNnQ==}

  csstype@2.6.21:
    resolution: {integrity: sha512-Z1PhmomIfypOpoMjRQB70jfvy/wxT50qW08YXO5lMIJkrdq4yOTR+AW7FqutScmB9NkLwxo+jU+kZLbofZZq/w==}

  csstype@3.1.0:
    resolution: {integrity: sha512-uX1KG+x9h5hIJsaKR9xHUeUraxf8IODOwq9JLNPq6BwB04a/xgpq3rcx47l5BZu5zBPlgD342tdke3Hom/nJRA==}

  date-fns-tz@2.0.1:
    resolution: {integrity: sha512-fJCG3Pwx8HUoLhkepdsP7Z5RsucUi+ZBOxyM5d0ZZ6c4SdYustq0VMmOu6Wf7bli+yS/Jwp91TOCqn9jMcVrUA==}
    peerDependencies:
      date-fns: 2.x

  date-fns@2.30.0:
    resolution: {integrity: sha512-fnULvOpxnC5/Vg3NCiWelDsLiUc9bRwAPs/+LfTLNvetFCtCTN+yQz15C/fs4AwX1R9K5GLtLfn8QW+dWisaAw==}
    engines: {node: '>=0.11'}

  dayjs@1.11.7:
    resolution: {integrity: sha512-+Yw9U6YO5TQohxLcIkrXBeY73WP3ejHWVvx8XCk3gxvQDCTEmS48ZrSZCKciI7Bhl/uCMyxYtE9UqRILmFphkQ==}

  debug@4.3.4:
    resolution: {integrity: sha512-PRWFHuSU3eDtQJPvnNY7Jcket1j0t5OuOsFzPPzsekD52Zl8qUfFIPEiswXqIvHWGVHOgX+7G/vCNNhehwxfkQ==}
    engines: {node: '>=6.0'}
    peerDependencies:
      supports-color: '*'
    peerDependenciesMeta:
      supports-color:
        optional: true

  deepmerge@4.3.1:
    resolution: {integrity: sha512-3sUqbMEc77XqpdNO7FRyRog+eW3ph+GYCbj+rK+uYyRMuwsVy0rMiVtPn+QJlKFvWP/1PYpapqYn0Me2knFn+A==}
    engines: {node: '>=0.10.0'}

  dompurify@2.5.4:
    resolution: {integrity: sha512-l5NNozANzaLPPe0XaAwvg3uZcHtDBnziX/HjsY1UcDj1MxTK8Dd0Kv096jyPK5HRzs/XM5IMj20dW8Fk+HnbUA==}

  dot-case@3.0.4:
    resolution: {integrity: sha512-Kv5nKlh6yRrdrGvxeJ2e5y2eRUpkUosIW4A2AS38zwSz27zu7ufDwQPi5Jhs3XAlGNetl3bmnGhQsMtkKJnj3w==}

  entities@4.5.0:
    resolution: {integrity: sha512-V0hjH4dGPh9Ao5p0MoRY6BVqtwCjhz6vI5LT8AJ55H+4g9/4vbHx1I54fS0XuclLhDHArPQCiMjDxjaL8fPxhw==}
    engines: {node: '>=0.12'}

  esbuild@0.21.5:
    resolution: {integrity: sha512-mg3OPMV4hXywwpoDxu3Qda5xCKQi+vCTZq8S9J/EpkhB2HzKXq4SNFZE3+NK93JYxc8VMSep+lOUSC/RVKaBqw==}
    engines: {node: '>=12'}
    hasBin: true

  estree-walker@2.0.2:
    resolution: {integrity: sha512-Rfkk/Mp/DL7JVje3u18FxFujQlTNR2q6QfMSMB7AvCBx91NGj/ba3kCfza0f6dVDbw7YlRf/nDrn7pQrCCyQ/w==}

  eventemitter3@4.0.7:
    resolution: {integrity: sha512-8guHBZCwKnFhYdHr2ysuRWErTwhoN2X8XELRlrRwpmfeY2jjuUN4taQMsULKUVo1K4DvZl+0pgfyoysHxvmvEw==}

  fast-deep-equal@3.1.3:
    resolution: {integrity: sha512-f3qQ9oQy9j2AhBe/H9VC91wLmKBCCU/gDOnKNAYG5hswO7BLKj09Hc5HYNz9cGI++xlpDCIgDaitVs03ATR84Q==}

  fsevents@2.3.3:
    resolution: {integrity: sha512-5xoDfX+fL7faATnagmWPpbFtwh/R77WmMMqqHGS65C3vvB0YHrgF+B1YmZ3441tMj5n63k0212XNoJwzlhffQw==}
    engines: {node: ^8.16.0 || ^10.6.0 || >=11.0.0}
    os: [darwin]

  inherits@2.0.3:
    resolution: {integrity: sha512-x00IRNXNy63jwGkJmzPigoySHbaqpNuzKbBOmzK+g2OdZpQ9w+sxCN+VSB3ja7IAge2OP2qpfxTjeNcyjmW1uw==}

  lodash-es@4.17.21:
    resolution: {integrity: sha512-mKnC+QJ9pWVzv+C4/U3rRsHapFfHvQFoFB92e52xeyGMcX6/OlIl78je1u8vePzYZSkkogMPJ2yjxxsb89cxyw==}

  lodash.kebabcase@4.1.1:
    resolution: {integrity: sha512-N8XRTIMMqqDgSy4VLKPnJ/+hpGZN+PHQiJnSenYqPaVV/NCqEogTnAdZLQiGKhxX+JCs8waWq2t1XHWKOmlY8g==}

  lodash@4.17.21:
    resolution: {integrity: sha512-v2kDEe57lecTulaDIuNTPy3Ry4gLGJ6Z1O3vE1krgXZNrsQ+LFTGHVxVjcXPs17LhbZVGedAJv8XZ1tvj5FvSg==}

  lower-case@2.0.2:
    resolution: {integrity: sha512-7fm3l3NAF9WfN6W3JOmf5drwpVqX78JtoGJ3A6W0a6ZnldM41w2fV5D490psKFTpMds8TJse/eHLFFsNHHjHgg==}

  magic-string@0.25.9:
    resolution: {integrity: sha512-RmF0AsMzgt25qzqqLc1+MbHmhdx0ojF2Fvs4XnOqz2ZOBXzzkEwc/dJQZCYHAn7v1jbVOjAZfK8msRn4BxO4VQ==}

  magic-string@0.30.21:
    resolution: {integrity: sha512-vd2F4YUyEXKGcLHoq+TEyCjxueSeHnFxyyjNp80yg0XV4vUhnDer/lvvlqM/arB5bXQN5K2/3oinyCRyx8T2CQ==}

  ms@2.1.2:
    resolution: {integrity: sha512-sGkPx+VjMtmA6MX27oA4FBFELFCZZ4S4XqeGOXCv68tT+jb3vk/RyaKWP0PTKyWtmLSM0b+adUTEvbs1PEaH2w==}

  nanoid@3.3.11:
    resolution: {integrity: sha512-N8SpfPUnUp1bK+PMYW8qSWdl9U+wwNWI4QKxOYDy9JAro3WMX7p2OeVRF9v+347pnakNevPmiHhNmZ2HbFA76w==}
    engines: {node: ^10 || ^12 || ^13.7 || ^14 || >=15.0.1}
    hasBin: true

  no-case@3.0.4:
    resolution: {integrity: sha512-fgAN3jGAh+RoxUGZHTSOLJIqUc2wmoBwGR4tbpNAKmmovFoWq0OdRkb0VkldReO2a2iBT/OEulG9XSUc10r3zg==}

  path@0.12.7:
    resolution: {integrity: sha512-aXXC6s+1w7otVF9UletFkFcDsJeO7lSZBPUQhtb5O0xJe8LtYhj/GxldoL09bBj9+ZmE2hNoHqQSFMN5fikh4Q==}

  picocolors@1.1.1:
    resolution: {integrity: sha512-xceH2snhtb5M9liqDsmEw56le376mTZkEX/jEb/RxNFyegNul7eNslCXP9FDj/Lcu0X8KEyMceP2ntpaHrDEVA==}

  postcss@8.5.6:
    resolution: {integrity: sha512-3Ybi1tAuwAP9s0r1UQ2J4n5Y0G05bJkpUIO0/bI9MhwmD70S5aTWbXGBwxHrelT+XM1k6dM0pk+SwNkpTRN7Pg==}
    engines: {node: ^10 || ^12 || >=14}

  process@0.11.10:
    resolution: {integrity: sha512-cdGef/drWFoydD1JsMzuFf8100nZl+GT+yacc2bEced5f9Rjk4z+WtFUTBu9PhOi9j/jfmBPu0mMEY4wIdAF8A==}
    engines: {node: '>= 0.6.0'}

  rollup@4.55.1:
    resolution: {integrity: sha512-wDv/Ht1BNHB4upNbK74s9usvl7hObDnvVzknxqY/E/O3X6rW1U1rV1aENEfJ54eFZDTNo7zv1f5N4edCluH7+A==}
    engines: {node: '>=18.0.0', npm: '>=8.0.0'}
    hasBin: true

  snake-case@3.0.4:
    resolution: {integrity: sha512-LAOh4z89bGQvl9pFfNF8V146i7o7/CqFPbqzYgP+yYzDIDeS9HaNFtXABamRW+AQzEVODcvE79ljJ+8a9YSdMg==}

  source-map-js@1.2.1:
    resolution: {integrity: sha512-UXWMKhLOwVKb728IUtQPXxfYU+usdybtUrK/8uGE8CQMvrhOpwvzDBwj0QhSL7MQc7vIsISBG8VQ8+IDQxpfQA==}
    engines: {node: '>=0.10.0'}

  source-map@0.6.1:
    resolution: {integrity: sha512-UjgapumWlbMhkBgzT7Ykc5YXUT46F0iKu8SGXq0bcwP5dz/h0Plj6enJqjz1Zbq2l5WaqYnrVbwWOWMyF3F47g==}
    engines: {node: '>=0.10.0'}

  sourcemap-codec@1.4.8:
    resolution: {integrity: sha512-9NykojV5Uih4lgo5So5dtw+f0JgJX30KCNI8gwhz2J9A15wD0Ml6tjHKwf6fTSa6fAdVBdZeNOs9eJ71qCk8vA==}
    deprecated: Please use @jridgewell/sourcemap-codec instead

  tslib@2.8.1:
    resolution: {integrity: sha512-oJFu94HQb+KVduSUQL7wnpmqnfmLsOA/nAh6b6EH0wCEoK0/mPeXU6c3wKDV83MkOuHPRHtSXKKU99IBazS/2w==}

  util@0.10.4:
    resolution: {integrity: sha512-0Pm9hTQ3se5ll1XihRic3FDIku70C+iHUdT/W926rSgHV5QgXsYbKZN8MSC3tJtSkhuROzvsQjAaFENRXr+19A==}

  v-calendar@3.1.2:
    resolution: {integrity: sha512-QDWrnp4PWCpzUblctgo4T558PrHgHzDtQnTeUNzKxfNf29FkCeFpwGd9bKjAqktaa2aJLcyRl45T5ln1ku34kg==}
    peerDependencies:
      '@popperjs/core': ^2.0.0
      vue: ^3.2.0

  vite@5.4.6:
    resolution: {integrity: sha512-IeL5f8OO5nylsgzd9tq4qD2QqI0k2CQLGrWD0rCN0EQJZpBK5vJAx0I+GDkMOXxQX/OfFHMuLIx6ddAxGX/k+Q==}
    engines: {node: ^18.0.0 || >=20.0.0}
    hasBin: true
    peerDependencies:
      '@types/node': ^18.0.0 || >=20.0.0
      less: '*'
      lightningcss: ^1.21.0
      sass: '*'
      sass-embedded: '*'
      stylus: '*'
      sugarss: '*'
      terser: ^5.4.0
    peerDependenciesMeta:
      '@types/node':
        optional: true
      less:
        optional: true
      lightningcss:
        optional: true
      sass:
        optional: true
      sass-embedded:
        optional: true
      stylus:
        optional: true
      sugarss:
        optional: true
      terser:
        optional: true

  vue-screen-utils@1.0.0-beta.13:
    resolution: {integrity: sha512-EJ/8TANKhFj+LefDuOvZykwMr3rrLFPLNb++lNBqPOpVigT2ActRg6icH9RFQVm4nHwlHIHSGm5OY/Clar9yIg==}
    peerDependencies:
      vue: ^3.2.0

  vue@3.2.45:
    resolution: {integrity: sha512-9Nx/Mg2b2xWlXykmCwiTUCWHbWIj53bnkizBxKai1g61f2Xit700A1ljowpTIM11e3uipOeiPcSqnmBg6gyiaA==}

snapshots:

  '@babel/helper-string-parser@7.27.1': {}

  '@babel/helper-validator-identifier@7.28.5': {}

  '@babel/parser@7.28.6':
    dependencies:
      '@babel/types': 7.28.6

  '@babel/runtime@7.28.6': {}

  '@babel/types@7.28.6':
    dependencies:
      '@babel/helper-string-parser': 7.27.1
      '@babel/helper-validator-identifier': 7.28.5

  '@esbuild/aix-ppc64@0.21.5':
    optional: true

  '@esbuild/android-arm64@0.21.5':
    optional: true

  '@esbuild/android-arm@0.21.5':
    optional: true

  '@esbuild/android-x64@0.21.5':
    optional: true

  '@esbuild/darwin-arm64@0.21.5':
    optional: true

  '@esbuild/darwin-x64@0.21.5':
    optional: true

  '@esbuild/freebsd-arm64@0.21.5':
    optional: true

  '@esbuild/freebsd-x64@0.21.5':
    optional: true

  '@esbuild/linux-arm64@0.21.5':
    optional: true

  '@esbuild/linux-arm@0.21.5':
    optional: true

  '@esbuild/linux-ia32@0.21.5':
    optional: true

  '@esbuild/linux-loong64@0.21.5':
    optional: true

  '@esbuild/linux-mips64el@0.21.5':
    optional: true

  '@esbuild/linux-ppc64@0.21.5':
    optional: true

  '@esbuild/linux-riscv64@0.21.5':
    optional: true

  '@esbuild/linux-s390x@0.21.5':
    optional: true

  '@esbuild/linux-x64@0.21.5':
    optional: true

  '@esbuild/netbsd-x64@0.21.5':
    optional: true

  '@esbuild/openbsd-x64@0.21.5':
    optional: true

  '@esbuild/sunos-x64@0.21.5':
    optional: true

  '@esbuild/win32-arm64@0.21.5':
    optional: true

  '@esbuild/win32-ia32@0.21.5':
    optional: true

  '@esbuild/win32-x64@0.21.5':
    optional: true

  '@jridgewell/sourcemap-codec@1.5.5': {}

  '@logseq/libs@0.2.2':
    dependencies:
      csstype: 3.1.0
      debug: 4.3.4
      deepmerge: 4.3.1
      dompurify: 2.5.4
      eventemitter3: 4.0.7
      fast-deep-equal: 3.1.3
      lodash-es: 4.17.21
      path: 0.12.7
      snake-case: 3.0.4
    transitivePeerDependencies:
      - supports-color

  '@popperjs/core@2.11.6': {}

  '@rollup/rollup-android-arm-eabi@4.55.1':
    optional: true

  '@rollup/rollup-android-arm64@4.55.1':
    optional: true

  '@rollup/rollup-darwin-arm64@4.55.1':
    optional: true

  '@rollup/rollup-darwin-x64@4.55.1':
    optional: true

  '@rollup/rollup-freebsd-arm64@4.55.1':
    optional: true

  '@rollup/rollup-freebsd-x64@4.55.1':
    optional: true

  '@rollup/rollup-linux-arm-gnueabihf@4.55.1':
    optional: true

  '@rollup/rollup-linux-arm-musleabihf@4.55.1':
    optional: true

  '@rollup/rollup-linux-arm64-gnu@4.55.1':
    optional: true

  '@rollup/rollup-linux-arm64-musl@4.55.1':
    optional: true

  '@rollup/rollup-linux-loong64-gnu@4.55.1':
    optional: true

  '@rollup/rollup-linux-loong64-musl@4.55.1':
    optional: true

  '@rollup/rollup-linux-ppc64-gnu@4.55.1':
    optional: true

  '@rollup/rollup-linux-ppc64-musl@4.55.1':
    optional: true

  '@rollup/rollup-linux-riscv64-gnu@4.55.1':
    optional: true

  '@rollup/rollup-linux-riscv64-musl@4.55.1':
    optional: true

  '@rollup/rollup-linux-s390x-gnu@4.55.1':
    optional: true

  '@rollup/rollup-linux-x64-gnu@4.55.1':
    optional: true

  '@rollup/rollup-linux-x64-musl@4.55.1':
    optional: true

  '@rollup/rollup-openbsd-x64@4.55.1':
    optional: true

  '@rollup/rollup-openharmony-arm64@4.55.1':
    optional: true

  '@rollup/rollup-win32-arm64-msvc@4.55.1':
    optional: true

  '@rollup/rollup-win32-ia32-msvc@4.55.1':
    optional: true

  '@rollup/rollup-win32-x64-gnu@4.55.1':
    optional: true

  '@rollup/rollup-win32-x64-msvc@4.55.1':
    optional: true

  '@types/estree@1.0.8': {}

  '@types/lodash@4.17.23': {}

  '@types/resize-observer-browser@0.1.11': {}

  '@vitejs/plugin-vue@5.2.1(vite@5.4.6)(vue@3.2.45)':
    dependencies:
      vite: 5.4.6
      vue: 3.2.45

  '@vue/compiler-core@3.2.45':
    dependencies:
      '@babel/parser': 7.28.6
      '@vue/shared': 3.2.45
      estree-walker: 2.0.2
      source-map: 0.6.1

  '@vue/compiler-core@3.5.13':
    dependencies:
      '@babel/parser': 7.28.6
      '@vue/shared': 3.5.13
      entities: 4.5.0
      estree-walker: 2.0.2
      source-map-js: 1.2.1

  '@vue/compiler-dom@3.2.45':
    dependencies:
      '@vue/compiler-core': 3.2.45
      '@vue/shared': 3.2.45

  '@vue/compiler-dom@3.5.13':
    dependencies:
      '@vue/compiler-core': 3.5.13
      '@vue/shared': 3.5.13

  '@vue/compiler-sfc@3.2.45':
    dependencies:
      '@babel/parser': 7.28.6
      '@vue/compiler-core': 3.2.45
      '@vue/compiler-dom': 3.2.45
      '@vue/compiler-ssr': 3.2.45
      '@vue/reactivity-transform': 3.2.45
      '@vue/shared': 3.2.45
      estree-walker: 2.0.2
      magic-string: 0.25.9
      postcss: 8.5.6
      source-map: 0.6.1

  '@vue/compiler-sfc@3.5.13':
    dependencies:
      '@babel/parser': 7.28.6
      '@vue/compiler-core': 3.5.13
      '@vue/compiler-dom': 3.5.13
      '@vue/compiler-ssr': 3.5.13
      '@vue/shared': 3.5.13
      estree-walker: 2.0.2
      magic-string: 0.30.21
      postcss: 8.5.6
      source-map-js: 1.2.1

  '@vue/compiler-ssr@3.2.45':
    dependencies:
      '@vue/compiler-dom': 3.2.45
      '@vue/shared': 3.2.45

  '@vue/compiler-ssr@3.5.13':
    dependencies:
      '@vue/compiler-dom': 3.5.13
      '@vue/shared': 3.5.13

  '@vue/reactivity-transform@3.2.45':
    dependencies:
      '@babel/parser': 7.28.6
      '@vue/compiler-core': 3.2.45
      '@vue/shared': 3.2.45
      estree-walker: 2.0.2
      magic-string: 0.25.9

  '@vue/reactivity@3.2.45':
    dependencies:
      '@vue/shared': 3.2.45

  '@vue/runtime-core@3.2.45':
    dependencies:
      '@vue/reactivity': 3.2.45
      '@vue/shared': 3.2.45

  '@vue/runtime-dom@3.2.45':
    dependencies:
      '@vue/runtime-core': 3.2.45
      '@vue/shared': 3.2.45
      csstype: 2.6.21

  '@vue/server-renderer@3.2.45(vue@3.2.45)':
    dependencies:
      '@vue/compiler-ssr': 3.2.45
      '@vue/shared': 3.2.45
      vue: 3.2.45

  '@vue/shared@3.2.45': {}

  '@vue/shared@3.5.13': {}

  csstype@2.6.21: {}

  csstype@3.1.0: {}

  date-fns-tz@2.0.1(date-fns@2.30.0):
    dependencies:
      date-fns: 2.30.0

  date-fns@2.30.0:
    dependencies:
      '@babel/runtime': 7.28.6

  dayjs@1.11.7: {}

  debug@4.3.4:
    dependencies:
      ms: 2.1.2

  deepmerge@4.3.1: {}

  dompurify@2.5.4: {}

  dot-case@3.0.4:
    dependencies:
      no-case: 3.0.4
      tslib: 2.8.1

  entities@4.5.0: {}

  esbuild@0.21.5:
    optionalDependencies:
      '@esbuild/aix-ppc64': 0.21.5
      '@esbuild/android-arm': 0.21.5
      '@esbuild/android-arm64': 0.21.5
      '@esbuild/android-x64': 0.21.5
      '@esbuild/darwin-arm64': 0.21.5
      '@esbuild/darwin-x64': 0.21.5
      '@esbuild/freebsd-arm64': 0.21.5
      '@esbuild/freebsd-x64': 0.21.5
      '@esbuild/linux-arm': 0.21.5
      '@esbuild/linux-arm64': 0.21.5
      '@esbuild/linux-ia32': 0.21.5
      '@esbuild/linux-loong64': 0.21.5
      '@esbuild/linux-mips64el': 0.21.5
      '@esbuild/linux-ppc64': 0.21.5
      '@esbuild/linux-riscv64': 0.21.5
      '@esbuild/linux-s390x': 0.21.5
      '@esbuild/linux-x64': 0.21.5
      '@esbuild/netbsd-x64': 0.21.5
      '@esbuild/openbsd-x64': 0.21.5
      '@esbuild/sunos-x64': 0.21.5
      '@esbuild/win32-arm64': 0.21.5
      '@esbuild/win32-ia32': 0.21.5
      '@esbuild/win32-x64': 0.21.5

  estree-walker@2.0.2: {}

  eventemitter3@4.0.7: {}

  fast-deep-equal@3.1.3: {}

  fsevents@2.3.3:
    optional: true

  inherits@2.0.3: {}

  lodash-es@4.17.21: {}

  lodash.kebabcase@4.1.1: {}

  lodash@4.17.21: {}

  lower-case@2.0.2:
    dependencies:
      tslib: 2.8.1

  magic-string@0.25.9:
    dependencies:
      sourcemap-codec: 1.4.8

  magic-string@0.30.21:
    dependencies:
      '@jridgewell/sourcemap-codec': 1.5.5

  ms@2.1.2: {}

  nanoid@3.3.11: {}

  no-case@3.0.4:
    dependencies:
      lower-case: 2.0.2
      tslib: 2.8.1

  path@0.12.7:
    dependencies:
      process: 0.11.10
      util: 0.10.4

  picocolors@1.1.1: {}

  postcss@8.5.6:
    dependencies:
      nanoid: 3.3.11
      picocolors: 1.1.1
      source-map-js: 1.2.1

  process@0.11.10: {}

  rollup@4.55.1:
    dependencies:
      '@types/estree': 1.0.8
    optionalDependencies:
      '@rollup/rollup-android-arm-eabi': 4.55.1
      '@rollup/rollup-android-arm64': 4.55.1
      '@rollup/rollup-darwin-arm64': 4.55.1
      '@rollup/rollup-darwin-x64': 4.55.1
      '@rollup/rollup-freebsd-arm64': 4.55.1
      '@rollup/rollup-freebsd-x64': 4.55.1
      '@rollup/rollup-linux-arm-gnueabihf': 4.55.1
      '@rollup/rollup-linux-arm-musleabihf': 4.55.1
      '@rollup/rollup-linux-arm64-gnu': 4.55.1
      '@rollup/rollup-linux-arm64-musl': 4.55.1
      '@rollup/rollup-linux-loong64-gnu': 4.55.1
      '@rollup/rollup-linux-loong64-musl': 4.55.1
      '@rollup/rollup-linux-ppc64-gnu': 4.55.1
      '@rollup/rollup-linux-ppc64-musl': 4.55.1
      '@rollup/rollup-linux-riscv64-gnu': 4.55.1
      '@rollup/rollup-linux-riscv64-musl': 4.55.1
      '@rollup/rollup-linux-s390x-gnu': 4.55.1
      '@rollup/rollup-linux-x64-gnu': 4.55.1
      '@rollup/rollup-linux-x64-musl': 4.55.1
      '@rollup/rollup-openbsd-x64': 4.55.1
      '@rollup/rollup-openharmony-arm64': 4.55.1
      '@rollup/rollup-win32-arm64-msvc': 4.55.1
      '@rollup/rollup-win32-ia32-msvc': 4.55.1
      '@rollup/rollup-win32-x64-gnu': 4.55.1
      '@rollup/rollup-win32-x64-msvc': 4.55.1
      fsevents: 2.3.3

  snake-case@3.0.4:
    dependencies:
      dot-case: 3.0.4
      tslib: 2.8.1

  source-map-js@1.2.1: {}

  source-map@0.6.1: {}

  sourcemap-codec@1.4.8: {}

  tslib@2.8.1: {}

  util@0.10.4:
    dependencies:
      inherits: 2.0.3

  v-calendar@3.1.2(@popperjs/core@2.11.6)(vue@3.2.45):
    dependencies:
      '@popperjs/core': 2.11.6
      '@types/lodash': 4.17.23
      '@types/resize-observer-browser': 0.1.11
      date-fns: 2.30.0
      date-fns-tz: 2.0.1(date-fns@2.30.0)
      lodash: 4.17.21
      vue: 3.2.45
      vue-screen-utils: 1.0.0-beta.13(vue@3.2.45)

  vite@5.4.6:
    dependencies:
      esbuild: 0.21.5
      postcss: 8.5.6
      rollup: 4.55.1
    optionalDependencies:
      fsevents: 2.3.3

  vue-screen-utils@1.0.0-beta.13(vue@3.2.45):
    dependencies:
      vue: 3.2.45

  vue@3.2.45:
    dependencies:
      '@vue/compiler-dom': 3.2.45
      '@vue/compiler-sfc': 3.2.45
      '@vue/runtime-dom': 3.2.45
      '@vue/server-renderer': 3.2.45(vue@3.2.45)
      '@vue/shared': 3.2.45
